// !$*UTF8*$!
{
	archiveVersion = 1;
	classes = {
	};
	objectVersion = 46;
	objects = {

/* Begin PBXBuildFile section */
		25209CBE1C60FAA000004328 /* CollectionViewController.m in Sources */ = {isa = PBXBuildFile; fileRef = 25209CBD1C60FAA000004328 /* CollectionViewController.m */; };
		25209CC11C60FC7800004328 /* CollectionViewCellController.m in Sources */ = {isa = PBXBuildFile; fileRef = 25209CC01C60FC7800004328 /* CollectionViewCellController.m */; };
		252EA3491C5904710016D5EC /* main.m in Sources */ = {isa = PBXBuildFile; fileRef = 252EA3481C5904710016D5EC /* main.m */; };
		252EA34C1C5904710016D5EC /* AppDelegate.m in Sources */ = {isa = PBXBuildFile; fileRef = 252EA34B1C5904710016D5EC /* AppDelegate.m */; };
		252EA34F1C5904710016D5EC /* ViewController.m in Sources */ = {isa = PBXBuildFile; fileRef = 252EA34E1C5904710016D5EC /* ViewController.m */; };
		252EA3541C5904710016D5EC /* Assets.xcassets in Resources */ = {isa = PBXBuildFile; fileRef = 252EA3531C5904710016D5EC /* Assets.xcassets */; };
		252EA3571C5904710016D5EC /* LaunchScreen.storyboard in Resources */ = {isa = PBXBuildFile; fileRef = 252EA3551C5904710016D5EC /* LaunchScreen.storyboard */; };
		252EA3601C5904AD0016D5EC /* Personne.m in Sources */ = {isa = PBXBuildFile; fileRef = 252EA35F1C5904AD0016D5EC /* Personne.m */; };
		252EA3631C5904BC0016D5EC /* Etudiant.m in Sources */ = {isa = PBXBuildFile; fileRef = 252EA3621C5904BC0016D5EC /* Etudiant.m */; };
		252EA3661C5904D80016D5EC /* Formateur.m in Sources */ = {isa = PBXBuildFile; fileRef = 252EA3651C5904D80016D5EC /* Formateur.m */; };
		252EA3691C5910490016D5EC /* Classe.m in Sources */ = {isa = PBXBuildFile; fileRef = 252EA3681C5910490016D5EC /* Classe.m */; };
		252EB19A1C634D94002ED910 /* localPage.html in Resources */ = {isa = PBXBuildFile; fileRef = 252EB1991C634D94002ED910 /* localPage.html */; };
		252EB19C1C6354BC002ED910 /* localPage2.html in Resources */ = {isa = PBXBuildFile; fileRef = 252EB19B1C6354BC002ED910 /* localPage2.html */; };
		252EB19F1C63685C002ED910 /* ShortCutsViewController.m in Sources */ = {isa = PBXBuildFile; fileRef = 252EB19E1C63685C002ED910 /* ShortCutsViewController.m */; };
		252FA6DA1C6E15E1003E3020 /* Model.xcdatamodeld in Sources */ = {isa = PBXBuildFile; fileRef = 252FA6D81C6E15E1003E3020 /* Model.xcdatamodeld */; };
		252FC1D01C5A5DB200617142 /* DetailViewController.m in Sources */ = {isa = PBXBuildFile; fileRef = 252FC1CF1C5A5DB200617142 /* DetailViewController.m */; };
		253211441C6095C700C2E27A /* ModifyViewController.m in Sources */ = {isa = PBXBuildFile; fileRef = 253211431C6095C700C2E27A /* ModifyViewController.m */; };
		253211471C60DE9600C2E27A /* TableViewCellController.m in Sources */ = {isa = PBXBuildFile; fileRef = 253211461C60DE9600C2E27A /* TableViewCellController.m */; };
		2533533A1C63443900E88A5B /* WebViewController.m in Sources */ = {isa = PBXBuildFile; fileRef = 253353391C63443900E88A5B /* WebViewController.m */; };
		2534DF961C5B99890046789F /* TableViewController.m in Sources */ = {isa = PBXBuildFile; fileRef = 2534DF951C5B99890046789F /* TableViewController.m */; };
		254145F21C5F595500FD6252 /* Intervenant.m in Sources */ = {isa = PBXBuildFile; fileRef = 254145F11C5F595500FD6252 /* Intervenant.m */; };
		254145F71C5F611500FD6252 /* Main.storyboard in Resources */ = {isa = PBXBuildFile; fileRef = 254145F51C5F611500FD6252 /* Main.storyboard */; };
		254145FC1C5F68E900FD6252 /* Localizable.strings in Resources */ = {isa = PBXBuildFile; fileRef = 254145FE1C5F68E900FD6252 /* Localizable.strings */; };
		2548E36E1C64944C00D1BFB9 /* MapViewController.m in Sources */ = {isa = PBXBuildFile; fileRef = 2548E36D1C64944C00D1BFB9 /* MapViewController.m */; };
		2548E3711C64D55900D1BFB9 /* mapDetailsViewController.m in Sources */ = {isa = PBXBuildFile; fileRef = 2548E3701C64D55900D1BFB9 /* mapDetailsViewController.m */; };
		2555880B1C5FB00E0087D1E1 /* Storyboard.storyboard in Resources */ = {isa = PBXBuildFile; fileRef = 2555880D1C5FB00E0087D1E1 /* Storyboard.storyboard */; };
		256817701C71EF4000E6F70E /* SPPersonne+CoreDataProperties.m in Sources */ = {isa = PBXBuildFile; fileRef = 2568175D1C71EF4000E6F70E /* SPPersonne+CoreDataProperties.m */; };
		256817711C71EF4000E6F70E /* SPPersonne.m in Sources */ = {isa = PBXBuildFile; fileRef = 2568175F1C71EF4000E6F70E /* SPPersonne.m */; };
		256817721C71EF4000E6F70E /* SPEtudiant+CoreDataProperties.m in Sources */ = {isa = PBXBuildFile; fileRef = 256817611C71EF4000E6F70E /* SPEtudiant+CoreDataProperties.m */; };
		256817731C71EF4000E6F70E /* SPEtudiant.m in Sources */ = {isa = PBXBuildFile; fileRef = 256817631C71EF4000E6F70E /* SPEtudiant.m */; };
		256817741C71EF4000E6F70E /* SPFormateur+CoreDataProperties.m in Sources */ = {isa = PBXBuildFile; fileRef = 256817651C71EF4000E6F70E /* SPFormateur+CoreDataProperties.m */; };
		256817751C71EF4000E6F70E /* SPFormateur.m in Sources */ = {isa = PBXBuildFile; fileRef = 256817671C71EF4000E6F70E /* SPFormateur.m */; };
		256817761C71EF4000E6F70E /* SPClasse+CoreDataProperties.m in Sources */ = {isa = PBXBuildFile; fileRef = 256817691C71EF4000E6F70E /* SPClasse+CoreDataProperties.m */; };
		256817771C71EF4000E6F70E /* SPClasse.m in Sources */ = {isa = PBXBuildFile; fileRef = 2568176B1C71EF4000E6F70E /* SPClasse.m */; };
		256817781C71EF4000E6F70E /* SPIntervenant+CoreDataProperties.m in Sources */ = {isa = PBXBuildFile; fileRef = 2568176D1C71EF4000E6F70E /* SPIntervenant+CoreDataProperties.m */; };
		256817791C71EF4000E6F70E /* SPIntervenant.m in Sources */ = {isa = PBXBuildFile; fileRef = 2568176F1C71EF4000E6F70E /* SPIntervenant.m */; };
/* End PBXBuildFile section */

/* Begin PBXFileReference section */
		25209CBC1C60FAA000004328 /* CollectionViewController.h */ = {isa = PBXFileReference; fileEncoding = 4; lastKnownFileType = sourcecode.c.h; path = CollectionViewController.h; sourceTree = "<group>"; };
		25209CBD1C60FAA000004328 /* CollectionViewController.m */ = {isa = PBXFileReference; fileEncoding = 4; lastKnownFileType = sourcecode.c.objc; path = CollectionViewController.m; sourceTree = "<group>"; };
		25209CBF1C60FC7800004328 /* CollectionViewCellController.h */ = {isa = PBXFileReference; fileEncoding = 4; lastKnownFileType = sourcecode.c.h; path = CollectionViewCellController.h; sourceTree = "<group>"; };
		25209CC01C60FC7800004328 /* CollectionViewCellController.m */ = {isa = PBXFileReference; fileEncoding = 4; lastKnownFileType = sourcecode.c.objc; path = CollectionViewCellController.m; sourceTree = "<group>"; };
		252EA3441C5904700016D5EC /* savePersonne.app */ = {isa = PBXFileReference; explicitFileType = wrapper.application; includeInIndex = 0; path = savePersonne.app; sourceTree = BUILT_PRODUCTS_DIR; };
		252EA3481C5904710016D5EC /* main.m */ = {isa = PBXFileReference; lastKnownFileType = sourcecode.c.objc; path = main.m; sourceTree = "<group>"; };
		252EA34A1C5904710016D5EC /* AppDelegate.h */ = {isa = PBXFileReference; lastKnownFileType = sourcecode.c.h; path = AppDelegate.h; sourceTree = "<group>"; };
		252EA34B1C5904710016D5EC /* AppDelegate.m */ = {isa = PBXFileReference; lastKnownFileType = sourcecode.c.objc; path = AppDelegate.m; sourceTree = "<group>"; };
		252EA34D1C5904710016D5EC /* ViewController.h */ = {isa = PBXFileReference; lastKnownFileType = sourcecode.c.h; path = ViewController.h; sourceTree = "<group>"; };
		252EA34E1C5904710016D5EC /* ViewController.m */ = {isa = PBXFileReference; lastKnownFileType = sourcecode.c.objc; path = ViewController.m; sourceTree = "<group>"; };
		252EA3531C5904710016D5EC /* Assets.xcassets */ = {isa = PBXFileReference; lastKnownFileType = folder.assetcatalog; path = Assets.xcassets; sourceTree = "<group>"; };
		252EA3561C5904710016D5EC /* Base */ = {isa = PBXFileReference; lastKnownFileType = file.storyboard; name = Base; path = Base.lproj/LaunchScreen.storyboard; sourceTree = "<group>"; };
		252EA3581C5904710016D5EC /* Info.plist */ = {isa = PBXFileReference; lastKnownFileType = text.plist.xml; path = Info.plist; sourceTree = "<group>"; };
		252EA35E1C5904AD0016D5EC /* Personne.h */ = {isa = PBXFileReference; fileEncoding = 4; lastKnownFileType = sourcecode.c.h; path = Personne.h; sourceTree = "<group>"; };
		252EA35F1C5904AD0016D5EC /* Personne.m */ = {isa = PBXFileReference; fileEncoding = 4; lastKnownFileType = sourcecode.c.objc; path = Personne.m; sourceTree = "<group>"; };
		252EA3611C5904BC0016D5EC /* Etudiant.h */ = {isa = PBXFileReference; fileEncoding = 4; lastKnownFileType = sourcecode.c.h; path = Etudiant.h; sourceTree = "<group>"; };
		252EA3621C5904BC0016D5EC /* Etudiant.m */ = {isa = PBXFileReference; fileEncoding = 4; lastKnownFileType = sourcecode.c.objc; path = Etudiant.m; sourceTree = "<group>"; };
		252EA3641C5904D80016D5EC /* Formateur.h */ = {isa = PBXFileReference; fileEncoding = 4; lastKnownFileType = sourcecode.c.h; path = Formateur.h; sourceTree = "<group>"; };
		252EA3651C5904D80016D5EC /* Formateur.m */ = {isa = PBXFileReference; fileEncoding = 4; lastKnownFileType = sourcecode.c.objc; path = Formateur.m; sourceTree = "<group>"; };
		252EA3671C5910490016D5EC /* Classe.h */ = {isa = PBXFileReference; fileEncoding = 4; lastKnownFileType = sourcecode.c.h; path = Classe.h; sourceTree = "<group>"; };
		252EA3681C5910490016D5EC /* Classe.m */ = {isa = PBXFileReference; fileEncoding = 4; lastKnownFileType = sourcecode.c.objc; path = Classe.m; sourceTree = "<group>"; };
		252EB1991C634D94002ED910 /* localPage.html */ = {isa = PBXFileReference; fileEncoding = 4; lastKnownFileType = text.html; path = localPage.html; sourceTree = "<group>"; };
		252EB19B1C6354BC002ED910 /* localPage2.html */ = {isa = PBXFileReference; fileEncoding = 4; lastKnownFileType = text.html; path = localPage2.html; sourceTree = "<group>"; };
		252EB19D1C63685C002ED910 /* ShortCutsViewController.h */ = {isa = PBXFileReference; fileEncoding = 4; lastKnownFileType = sourcecode.c.h; path = ShortCutsViewController.h; sourceTree = "<group>"; };
		252EB19E1C63685C002ED910 /* ShortCutsViewController.m */ = {isa = PBXFileReference; fileEncoding = 4; lastKnownFileType = sourcecode.c.objc; path = ShortCutsViewController.m; sourceTree = "<group>"; };
		252FA6D91C6E15E1003E3020 /* Model.xcdatamodel */ = {isa = PBXFileReference; lastKnownFileType = wrapper.xcdatamodel; path = Model.xcdatamodel; sourceTree = "<group>"; };
		252FC1CE1C5A5DB200617142 /* DetailViewController.h */ = {isa = PBXFileReference; fileEncoding = 4; lastKnownFileType = sourcecode.c.h; path = DetailViewController.h; sourceTree = "<group>"; };
		252FC1CF1C5A5DB200617142 /* DetailViewController.m */ = {isa = PBXFileReference; fileEncoding = 4; lastKnownFileType = sourcecode.c.objc; path = DetailViewController.m; sourceTree = "<group>"; };
		253211421C6095C700C2E27A /* ModifyViewController.h */ = {isa = PBXFileReference; fileEncoding = 4; lastKnownFileType = sourcecode.c.h; path = ModifyViewController.h; sourceTree = "<group>"; };
		253211431C6095C700C2E27A /* ModifyViewController.m */ = {isa = PBXFileReference; fileEncoding = 4; lastKnownFileType = sourcecode.c.objc; path = ModifyViewController.m; sourceTree = "<group>"; };
		253211451C60DE9600C2E27A /* TableViewCellController.h */ = {isa = PBXFileReference; fileEncoding = 4; lastKnownFileType = sourcecode.c.h; path = TableViewCellController.h; sourceTree = "<group>"; };
		253211461C60DE9600C2E27A /* TableViewCellController.m */ = {isa = PBXFileReference; fileEncoding = 4; lastKnownFileType = sourcecode.c.objc; path = TableViewCellController.m; sourceTree = "<group>"; };
		253353381C63443900E88A5B /* WebViewController.h */ = {isa = PBXFileReference; fileEncoding = 4; lastKnownFileType = sourcecode.c.h; path = WebViewController.h; sourceTree = "<group>"; };
		253353391C63443900E88A5B /* WebViewController.m */ = {isa = PBXFileReference; fileEncoding = 4; lastKnownFileType = sourcecode.c.objc; path = WebViewController.m; sourceTree = "<group>"; };
		2534DF941C5B99890046789F /* TableViewController.h */ = {isa = PBXFileReference; fileEncoding = 4; lastKnownFileType = sourcecode.c.h; path = TableViewController.h; sourceTree = "<group>"; };
		2534DF951C5B99890046789F /* TableViewController.m */ = {isa = PBXFileReference; fileEncoding = 4; lastKnownFileType = sourcecode.c.objc; path = TableViewController.m; sourceTree = "<group>"; };
		254145F01C5F595500FD6252 /* Intervenant.h */ = {isa = PBXFileReference; fileEncoding = 4; lastKnownFileType = sourcecode.c.h; path = Intervenant.h; sourceTree = "<group>"; };
		254145F11C5F595500FD6252 /* Intervenant.m */ = {isa = PBXFileReference; fileEncoding = 4; lastKnownFileType = sourcecode.c.objc; path = Intervenant.m; sourceTree = "<group>"; };
		254145F61C5F611500FD6252 /* Base */ = {isa = PBXFileReference; lastKnownFileType = file.storyboard; name = Base; path = savePersonne/Base.lproj/Main.storyboard; sourceTree = "<group>"; };
		254145F91C5F635C00FD6252 /* fr */ = {isa = PBXFileReference; lastKnownFileType = text.plist.strings; name = fr; path = fr.lproj/LaunchScreen.strings; sourceTree = "<group>"; };
		254145FD1C5F68E900FD6252 /* Base */ = {isa = PBXFileReference; lastKnownFileType = text.plist.strings; name = Base; path = Base.lproj/Localizable.strings; sourceTree = "<group>"; };
		254145FF1C5F68EC00FD6252 /* fr */ = {isa = PBXFileReference; lastKnownFileType = text.plist.strings; name = fr; path = fr.lproj/Localizable.strings; sourceTree = "<group>"; };
		2548E36C1C64944C00D1BFB9 /* MapViewController.h */ = {isa = PBXFileReference; fileEncoding = 4; lastKnownFileType = sourcecode.c.h; path = MapViewController.h; sourceTree = "<group>"; };
		2548E36D1C64944C00D1BFB9 /* MapViewController.m */ = {isa = PBXFileReference; fileEncoding = 4; lastKnownFileType = sourcecode.c.objc; path = MapViewController.m; sourceTree = "<group>"; };
		2548E36F1C64D55900D1BFB9 /* mapDetailsViewController.h */ = {isa = PBXFileReference; fileEncoding = 4; lastKnownFileType = sourcecode.c.h; path = mapDetailsViewController.h; sourceTree = "<group>"; };
		2548E3701C64D55900D1BFB9 /* mapDetailsViewController.m */ = {isa = PBXFileReference; fileEncoding = 4; lastKnownFileType = sourcecode.c.objc; path = mapDetailsViewController.m; sourceTree = "<group>"; };
		255588081C5F6F180087D1E1 /* fr */ = {isa = PBXFileReference; lastKnownFileType = text.plist.strings; name = fr; path = savePersonne/fr.lproj/Main.strings; sourceTree = "<group>"; };
		2555880C1C5FB00E0087D1E1 /* Base */ = {isa = PBXFileReference; lastKnownFileType = file.storyboard; name = Base; path = Base.lproj/Storyboard.storyboard; sourceTree = "<group>"; };
		2568175C1C71EF4000E6F70E /* SPPersonne+CoreDataProperties.h */ = {isa = PBXFileReference; fileEncoding = 4; lastKnownFileType = sourcecode.c.h; name = "SPPersonne+CoreDataProperties.h"; path = "savePersonne/SPPersonne+CoreDataProperties.h"; sourceTree = "<group>"; };
		2568175D1C71EF4000E6F70E /* SPPersonne+CoreDataProperties.m */ = {isa = PBXFileReference; fileEncoding = 4; lastKnownFileType = sourcecode.c.objc; name = "SPPersonne+CoreDataProperties.m"; path = "savePersonne/SPPersonne+CoreDataProperties.m"; sourceTree = "<group>"; };
		2568175E1C71EF4000E6F70E /* SPPersonne.h */ = {isa = PBXFileReference; fileEncoding = 4; lastKnownFileType = sourcecode.c.h; name = SPPersonne.h; path = savePersonne/SPPersonne.h; sourceTree = "<group>"; };
		2568175F1C71EF4000E6F70E /* SPPersonne.m */ = {isa = PBXFileReference; fileEncoding = 4; lastKnownFileType = sourcecode.c.objc; name = SPPersonne.m; path = savePersonne/SPPersonne.m; sourceTree = "<group>"; };
		256817601C71EF4000E6F70E /* SPEtudiant+CoreDataProperties.h */ = {isa = PBXFileReference; fileEncoding = 4; lastKnownFileType = sourcecode.c.h; name = "SPEtudiant+CoreDataProperties.h"; path = "savePersonne/SPEtudiant+CoreDataProperties.h"; sourceTree = "<group>"; };
		256817611C71EF4000E6F70E /* SPEtudiant+CoreDataProperties.m */ = {isa = PBXFileReference; fileEncoding = 4; lastKnownFileType = sourcecode.c.objc; name = "SPEtudiant+CoreDataProperties.m"; path = "savePersonne/SPEtudiant+CoreDataProperties.m"; sourceTree = "<group>"; };
		256817621C71EF4000E6F70E /* SPEtudiant.h */ = {isa = PBXFileReference; fileEncoding = 4; lastKnownFileType = sourcecode.c.h; name = SPEtudiant.h; path = savePersonne/SPEtudiant.h; sourceTree = "<group>"; };
		256817631C71EF4000E6F70E /* SPEtudiant.m */ = {isa = PBXFileReference; fileEncoding = 4; lastKnownFileType = sourcecode.c.objc; name = SPEtudiant.m; path = savePersonne/SPEtudiant.m; sourceTree = "<group>"; };
		256817641C71EF4000E6F70E /* SPFormateur+CoreDataProperties.h */ = {isa = PBXFileReference; fileEncoding = 4; lastKnownFileType = sourcecode.c.h; name = "SPFormateur+CoreDataProperties.h"; path = "savePersonne/SPFormateur+CoreDataProperties.h"; sourceTree = "<group>"; };
		256817651C71EF4000E6F70E /* SPFormateur+CoreDataProperties.m */ = {isa = PBXFileReference; fileEncoding = 4; lastKnownFileType = sourcecode.c.objc; name = "SPFormateur+CoreDataProperties.m"; path = "savePersonne/SPFormateur+CoreDataProperties.m"; sourceTree = "<group>"; };
		256817661C71EF4000E6F70E /* SPFormateur.h */ = {isa = PBXFileReference; fileEncoding = 4; lastKnownFileType = sourcecode.c.h; name = SPFormateur.h; path = savePersonne/SPFormateur.h; sourceTree = "<group>"; };
		256817671C71EF4000E6F70E /* SPFormateur.m */ = {isa = PBXFileReference; fileEncoding = 4; lastKnownFileType = sourcecode.c.objc; name = SPFormateur.m; path = savePersonne/SPFormateur.m; sourceTree = "<group>"; };
		256817681C71EF4000E6F70E /* SPClasse+CoreDataProperties.h */ = {isa = PBXFileReference; fileEncoding = 4; lastKnownFileType = sourcecode.c.h; name = "SPClasse+CoreDataProperties.h"; path = "savePersonne/SPClasse+CoreDataProperties.h"; sourceTree = "<group>"; };
		256817691C71EF4000E6F70E /* SPClasse+CoreDataProperties.m */ = {isa = PBXFileReference; fileEncoding = 4; lastKnownFileType = sourcecode.c.objc; name = "SPClasse+CoreDataProperties.m"; path = "savePersonne/SPClasse+CoreDataProperties.m"; sourceTree = "<group>"; };
		2568176A1C71EF4000E6F70E /* SPClasse.h */ = {isa = PBXFileReference; fileEncoding = 4; lastKnownFileType = sourcecode.c.h; name = SPClasse.h; path = savePersonne/SPClasse.h; sourceTree = "<group>"; };
		2568176B1C71EF4000E6F70E /* SPClasse.m */ = {isa = PBXFileReference; fileEncoding = 4; lastKnownFileType = sourcecode.c.objc; name = SPClasse.m; path = savePersonne/SPClasse.m; sourceTree = "<group>"; };
		2568176C1C71EF4000E6F70E /* SPIntervenant+CoreDataProperties.h */ = {isa = PBXFileReference; fileEncoding = 4; lastKnownFileType = sourcecode.c.h; name = "SPIntervenant+CoreDataProperties.h"; path = "savePersonne/SPIntervenant+CoreDataProperties.h"; sourceTree = "<group>"; };
		2568176D1C71EF4000E6F70E /* SPIntervenant+CoreDataProperties.m */ = {isa = PBXFileReference; fileEncoding = 4; lastKnownFileType = sourcecode.c.objc; name = "SPIntervenant+CoreDataProperties.m"; path = "savePersonne/SPIntervenant+CoreDataProperties.m"; sourceTree = "<group>"; };
		2568176E1C71EF4000E6F70E /* SPIntervenant.h */ = {isa = PBXFileReference; fileEncoding = 4; lastKnownFileType = sourcecode.c.h; name = SPIntervenant.h; path = savePersonne/SPIntervenant.h; sourceTree = "<group>"; };
		2568176F1C71EF4000E6F70E /* SPIntervenant.m */ = {isa = PBXFileReference; fileEncoding = 4; lastKnownFileType = sourcecode.c.objc; name = SPIntervenant.m; path = savePersonne/SPIntervenant.m; sourceTree = "<group>"; };
/* End PBXFileReference section */

/* Begin PBXFrameworksBuildPhase section */
		252EA3411C5904700016D5EC /* Frameworks */ = {
			isa = PBXFrameworksBuildPhase;
			buildActionMask = 2147483647;
			files = (
			);
			runOnlyForDeploymentPostprocessing = 0;
		};
/* End PBXFrameworksBuildPhase section */

/* Begin PBXGroup section */
		252EA33B1C5904700016D5EC = {
			isa = PBXGroup;
			children = (
				252EA3461C5904700016D5EC /* savePersonne */,
				252EA3451C5904700016D5EC /* Products */,
			);
			sourceTree = "<group>";
		};
		252EA3451C5904700016D5EC /* Products */ = {
			isa = PBXGroup;
			children = (
				252EA3441C5904700016D5EC /* savePersonne.app */,
			);
			name = Products;
			sourceTree = "<group>";
		};
		252EA3461C5904700016D5EC /* savePersonne */ = {
			isa = PBXGroup;
			children = (
				252FA6FD1C6E18FC003E3020 /* CoreDataEntries */,
				252EA34A1C5904710016D5EC /* AppDelegate.h */,
				252EA34B1C5904710016D5EC /* AppDelegate.m */,
				252FA6F91C6E186B003E3020 /* Models */,
				252FA6FA1C6E188A003E3020 /* Controller */,
				254145FE1C5F68E900FD6252 /* Localizable.strings */,
				252FA6FB1C6E1895003E3020 /* View */,
				252FA6FC1C6E18E6003E3020 /* Html */,
				254145F51C5F611500FD6252 /* Main.storyboard */,
				2555880D1C5FB00E0087D1E1 /* Storyboard.storyboard */,
				252EA3531C5904710016D5EC /* Assets.xcassets */,
				252EA3551C5904710016D5EC /* LaunchScreen.storyboard */,
				252EA3581C5904710016D5EC /* Info.plist */,
				252EA3471C5904710016D5EC /* Supporting Files */,
			);
			path = savePersonne;
			sourceTree = "<group>";
		};
		252EA3471C5904710016D5EC /* Supporting Files */ = {
			isa = PBXGroup;
			children = (
				252EA3481C5904710016D5EC /* main.m */,
			);
			name = "Supporting Files";
			sourceTree = "<group>";
		};
		252FA6F91C6E186B003E3020 /* Models */ = {
			isa = PBXGroup;
			children = (
				252EA35E1C5904AD0016D5EC /* Personne.h */,
				252EA35F1C5904AD0016D5EC /* Personne.m */,
				252EA3611C5904BC0016D5EC /* Etudiant.h */,
				252EA3621C5904BC0016D5EC /* Etudiant.m */,
				252EA3641C5904D80016D5EC /* Formateur.h */,
				252EA3651C5904D80016D5EC /* Formateur.m */,
				254145F01C5F595500FD6252 /* Intervenant.h */,
				254145F11C5F595500FD6252 /* Intervenant.m */,
				252EA3671C5910490016D5EC /* Classe.h */,
				252EA3681C5910490016D5EC /* Classe.m */,
				252FA6D81C6E15E1003E3020 /* Model.xcdatamodeld */,
			);
			name = Models;
			sourceTree = "<group>";
		};
		252FA6FA1C6E188A003E3020 /* Controller */ = {
			isa = PBXGroup;
			children = (
			);
			name = Controller;
			sourceTree = "<group>";
		};
		252FA6FB1C6E1895003E3020 /* View */ = {
			isa = PBXGroup;
			children = (
				252FA6FE1C6E1B70003E3020 /* map */,
				252FA6FF1C6E1C16003E3020 /* Classe */,
				252FA7021C6E1C32003E3020 /* Collection */,
				252FA7011C6E1C29003E3020 /* Web */,
				252FA7001C6E1C20003E3020 /* shortCut */,
			);
			name = View;
			sourceTree = "<group>";
		};
		252FA6FC1C6E18E6003E3020 /* Html */ = {
			isa = PBXGroup;
			children = (
				252EB19B1C6354BC002ED910 /* localPage2.html */,
				252EB1991C634D94002ED910 /* localPage.html */,
			);
			name = Html;
			sourceTree = "<group>";
		};
		252FA6FD1C6E18FC003E3020 /* CoreDataEntries */ = {
			isa = PBXGroup;
			children = (
				2568175C1C71EF4000E6F70E /* SPPersonne+CoreDataProperties.h */,
				2568175D1C71EF4000E6F70E /* SPPersonne+CoreDataProperties.m */,
				2568175E1C71EF4000E6F70E /* SPPersonne.h */,
				2568175F1C71EF4000E6F70E /* SPPersonne.m */,
				256817601C71EF4000E6F70E /* SPEtudiant+CoreDataProperties.h */,
				256817611C71EF4000E6F70E /* SPEtudiant+CoreDataProperties.m */,
				256817621C71EF4000E6F70E /* SPEtudiant.h */,
				256817631C71EF4000E6F70E /* SPEtudiant.m */,
				256817641C71EF4000E6F70E /* SPFormateur+CoreDataProperties.h */,
				256817651C71EF4000E6F70E /* SPFormateur+CoreDataProperties.m */,
				256817661C71EF4000E6F70E /* SPFormateur.h */,
				256817671C71EF4000E6F70E /* SPFormateur.m */,
				256817681C71EF4000E6F70E /* SPClasse+CoreDataProperties.h */,
				256817691C71EF4000E6F70E /* SPClasse+CoreDataProperties.m */,
				2568176A1C71EF4000E6F70E /* SPClasse.h */,
				2568176B1C71EF4000E6F70E /* SPClasse.m */,
				2568176C1C71EF4000E6F70E /* SPIntervenant+CoreDataProperties.h */,
				2568176D1C71EF4000E6F70E /* SPIntervenant+CoreDataProperties.m */,
				2568176E1C71EF4000E6F70E /* SPIntervenant.h */,
				2568176F1C71EF4000E6F70E /* SPIntervenant.m */,
			);
			name = CoreDataEntries;
			path = ..;
			sourceTree = "<group>";
		};
		252FA6FE1C6E1B70003E3020 /* map */ = {
			isa = PBXGroup;
			children = (
				2548E36F1C64D55900D1BFB9 /* mapDetailsViewController.h */,
				2548E3701C64D55900D1BFB9 /* mapDetailsViewController.m */,
				2548E36C1C64944C00D1BFB9 /* MapViewController.h */,
				2548E36D1C64944C00D1BFB9 /* MapViewController.m */,
			);
			name = map;
			sourceTree = "<group>";
		};
		252FA6FF1C6E1C16003E3020 /* Classe */ = {
			isa = PBXGroup;
			children = (
				252EA34D1C5904710016D5EC /* ViewController.h */,
				252EA34E1C5904710016D5EC /* ViewController.m */,
				252FC1CE1C5A5DB200617142 /* DetailViewController.h */,
				252FC1CF1C5A5DB200617142 /* DetailViewController.m */,
				2534DF941C5B99890046789F /* TableViewController.h */,
				2534DF951C5B99890046789F /* TableViewController.m */,
				253211421C6095C700C2E27A /* ModifyViewController.h */,
				253211431C6095C700C2E27A /* ModifyViewController.m */,
				253211451C60DE9600C2E27A /* TableViewCellController.h */,
				253211461C60DE9600C2E27A /* TableViewCellController.m */,
			);
			name = Classe;
			sourceTree = "<group>";
		};
		252FA7001C6E1C20003E3020 /* shortCut */ = {
			isa = PBXGroup;
			children = (
				252EB19D1C63685C002ED910 /* ShortCutsViewController.h */,
				252EB19E1C63685C002ED910 /* ShortCutsViewController.m */,
			);
			name = shortCut;
			sourceTree = "<group>";
		};
		252FA7011C6E1C29003E3020 /* Web */ = {
			isa = PBXGroup;
			children = (
				253353381C63443900E88A5B /* WebViewController.h */,
				253353391C63443900E88A5B /* WebViewController.m */,
			);
			name = Web;
			sourceTree = "<group>";
		};
		252FA7021C6E1C32003E3020 /* Collection */ = {
			isa = PBXGroup;
			children = (
				25209CBC1C60FAA000004328 /* CollectionViewController.h */,
				25209CBD1C60FAA000004328 /* CollectionViewController.m */,
				25209CBF1C60FC7800004328 /* CollectionViewCellController.h */,
				25209CC01C60FC7800004328 /* CollectionViewCellController.m */,
			);
			name = Collection;
			sourceTree = "<group>";
		};
/* End PBXGroup section */

/* Begin PBXNativeTarget section */
		252EA3431C5904700016D5EC /* savePersonne */ = {
			isa = PBXNativeTarget;
			buildConfigurationList = 252EA35B1C5904710016D5EC /* Build configuration list for PBXNativeTarget "savePersonne" */;
			buildPhases = (
				252EA3401C5904700016D5EC /* Sources */,
				252EA3411C5904700016D5EC /* Frameworks */,
				252EA3421C5904700016D5EC /* Resources */,
			);
			buildRules = (
			);
			dependencies = (
			);
			name = savePersonne;
			productName = savePersonne;
			productReference = 252EA3441C5904700016D5EC /* savePersonne.app */;
			productType = "com.apple.product-type.application";
		};
/* End PBXNativeTarget section */

/* Begin PBXProject section */
		252EA33C1C5904700016D5EC /* Project object */ = {
			isa = PBXProject;
			attributes = {
				LastUpgradeCheck = 0720;
				ORGANIZATIONNAME = xavier;
				TargetAttributes = {
					252EA3431C5904700016D5EC = {
						CreatedOnToolsVersion = 7.2;
						DevelopmentTeam = L2YQQ72UJ6;
					};
				};
			};
			buildConfigurationList = 252EA33F1C5904700016D5EC /* Build configuration list for PBXProject "savePersonne" */;
			compatibilityVersion = "Xcode 3.2";
			developmentRegion = English;
			hasScannedForEncodings = 0;
			knownRegions = (
				en,
				Base,
				fr,
			);
			mainGroup = 252EA33B1C5904700016D5EC;
			productRefGroup = 252EA3451C5904700016D5EC /* Products */;
			projectDirPath = "";
			projectRoot = "";
			targets = (
				252EA3431C5904700016D5EC /* savePersonne */,
			);
		};
/* End PBXProject section */

/* Begin PBXResourcesBuildPhase section */
		252EA3421C5904700016D5EC /* Resources */ = {
			isa = PBXResourcesBuildPhase;
			buildActionMask = 2147483647;
			files = (
				254145F71C5F611500FD6252 /* Main.storyboard in Resources */,
				254145FC1C5F68E900FD6252 /* Localizable.strings in Resources */,
				252EA3571C5904710016D5EC /* LaunchScreen.storyboard in Resources */,
				252EA3541C5904710016D5EC /* Assets.xcassets in Resources */,
				252EB19C1C6354BC002ED910 /* localPage2.html in Resources */,
				2555880B1C5FB00E0087D1E1 /* Storyboard.storyboard in Resources */,
				252EB19A1C634D94002ED910 /* localPage.html in Resources */,
			);
			runOnlyForDeploymentPostprocessing = 0;
		};
/* End PBXResourcesBuildPhase section */

/* Begin PBXSourcesBuildPhase section */
		252EA3401C5904700016D5EC /* Sources */ = {
			isa = PBXSourcesBuildPhase;
			buildActionMask = 2147483647;
			files = (
				256817731C71EF4000E6F70E /* SPEtudiant.m in Sources */,
				252EA3631C5904BC0016D5EC /* Etudiant.m in Sources */,
				256817711C71EF4000E6F70E /* SPPersonne.m in Sources */,
				2533533A1C63443900E88A5B /* WebViewController.m in Sources */,
				252EB19F1C63685C002ED910 /* ShortCutsViewController.m in Sources */,
				252EA34F1C5904710016D5EC /* ViewController.m in Sources */,
				252EA34C1C5904710016D5EC /* AppDelegate.m in Sources */,
				253211441C6095C700C2E27A /* ModifyViewController.m in Sources */,
				252FC1D01C5A5DB200617142 /* DetailViewController.m in Sources */,
				2534DF961C5B99890046789F /* TableViewController.m in Sources */,
				252EA3661C5904D80016D5EC /* Formateur.m in Sources */,
				256817721C71EF4000E6F70E /* SPEtudiant+CoreDataProperties.m in Sources */,
				256817741C71EF4000E6F70E /* SPFormateur+CoreDataProperties.m in Sources */,
				253211471C60DE9600C2E27A /* TableViewCellController.m in Sources */,
				25209CC11C60FC7800004328 /* CollectionViewCellController.m in Sources */,
				252EA3691C5910490016D5EC /* Classe.m in Sources */,
				252EA3491C5904710016D5EC /* main.m in Sources */,
				256817781C71EF4000E6F70E /* SPIntervenant+CoreDataProperties.m in Sources */,
				256817771C71EF4000E6F70E /* SPClasse.m in Sources */,
				256817751C71EF4000E6F70E /* SPFormateur.m in Sources */,
				25209CBE1C60FAA000004328 /* CollectionViewController.m in Sources */,
				256817701C71EF4000E6F70E /* SPPersonne+CoreDataProperties.m in Sources */,
				254145F21C5F595500FD6252 /* Intervenant.m in Sources */,
				2548E36E1C64944C00D1BFB9 /* MapViewController.m in Sources */,
				2548E3711C64D55900D1BFB9 /* mapDetailsViewController.m in Sources */,
				252FA6DA1C6E15E1003E3020 /* Model.xcdatamodeld in Sources */,
				252EA3601C5904AD0016D5EC /* Personne.m in Sources */,
				256817761C71EF4000E6F70E /* SPClasse+CoreDataProperties.m in Sources */,
				256817791C71EF4000E6F70E /* SPIntervenant.m in Sources */,
			);
			runOnlyForDeploymentPostprocessing = 0;
		};
/* End PBXSourcesBuildPhase section */

/* Begin PBXVariantGroup section */
		252EA3551C5904710016D5EC /* LaunchScreen.storyboard */ = {
			isa = PBXVariantGroup;
			children = (
				252EA3561C5904710016D5EC /* Base */,
				254145F91C5F635C00FD6252 /* fr */,
			);
			name = LaunchScreen.storyboard;
			sourceTree = "<group>";
		};
		254145F51C5F611500FD6252 /* Main.storyboard */ = {
			isa = PBXVariantGroup;
			children = (
				254145F61C5F611500FD6252 /* Base */,
				255588081C5F6F180087D1E1 /* fr */,
			);
			name = Main.storyboard;
			path = ..;
			sourceTree = "<group>";
		};
		254145FE1C5F68E900FD6252 /* Localizable.strings */ = {
			isa = PBXVariantGroup;
			children = (
				254145FD1C5F68E900FD6252 /* Base */,
				254145FF1C5F68EC00FD6252 /* fr */,
			);
			name = Localizable.strings;
			sourceTree = "<group>";
		};
		2555880D1C5FB00E0087D1E1 /* Storyboard.storyboard */ = {
			isa = PBXVariantGroup;
			children = (
				2555880C1C5FB00E0087D1E1 /* Base */,
			);
			name = Storyboard.storyboard;
			sourceTree = "<group>";
		};
/* End PBXVariantGroup section */

/* Begin XCBuildConfiguration section */
		252EA3591C5904710016D5EC /* Debug */ = {
			isa = XCBuildConfiguration;
			buildSettings = {
				ALWAYS_SEARCH_USER_PATHS = NO;
				CLANG_CXX_LANGUAGE_STANDARD = "gnu++0x";
				CLANG_CXX_LIBRARY = "libc++";
				CLANG_ENABLE_MODULES = YES;
				CLANG_ENABLE_OBJC_ARC = YES;
				CLANG_WARN_BOOL_CONVERSION = YES;
				CLANG_WARN_CONSTANT_CONVERSION = YES;
				CLANG_WARN_DIRECT_OBJC_ISA_USAGE = YES_ERROR;
				CLANG_WARN_EMPTY_BODY = YES;
				CLANG_WARN_ENUM_CONVERSION = YES;
				CLANG_WARN_INT_CONVERSION = YES;
				CLANG_WARN_OBJC_ROOT_CLASS = YES_ERROR;
				CLANG_WARN_UNREACHABLE_CODE = YES;
				CLANG_WARN__DUPLICATE_METHOD_MATCH = YES;
				"CODE_SIGN_IDENTITY[sdk=iphoneos*]" = "iPhone Developer";
				COPY_PHASE_STRIP = NO;
				DEBUG_INFORMATION_FORMAT = dwarf;
				ENABLE_STRICT_OBJC_MSGSEND = YES;
				ENABLE_TESTABILITY = YES;
				GCC_C_LANGUAGE_STANDARD = gnu99;
				GCC_DYNAMIC_NO_PIC = NO;
				GCC_NO_COMMON_BLOCKS = YES;
				GCC_OPTIMIZATION_LEVEL = 0;
				GCC_PREPROCESSOR_DEFINITIONS = (
					"DEBUG=1",
					"$(inherited)",
				);
				GCC_WARN_64_TO_32_BIT_CONVERSION = YES;
				GCC_WARN_ABOUT_RETURN_TYPE = YES_ERROR;
				GCC_WARN_UNDECLARED_SELECTOR = YES;
				GCC_WARN_UNINITIALIZED_AUTOS = YES_AGGRESSIVE;
				GCC_WARN_UNUSED_FUNCTION = YES;
				GCC_WARN_UNUSED_VARIABLE = YES;
				IPHONEOS_DEPLOYMENT_TARGET = 9.2;
				MTL_ENABLE_DEBUG_INFO = YES;
				ONLY_ACTIVE_ARCH = YES;
				SDKROOT = iphoneos;
				TARGETED_DEVICE_FAMILY = "1,2";
			};
			name = Debug;
		};
		252EA35A1C5904710016D5EC /* Release */ = {
			isa = XCBuildConfiguration;
			buildSettings = {
				ALWAYS_SEARCH_USER_PATHS = NO;
				CLANG_CXX_LANGUAGE_STANDARD = "gnu++0x";
				CLANG_CXX_LIBRARY = "libc++";
				CLANG_ENABLE_MODULES = YES;
				CLANG_ENABLE_OBJC_ARC = YES;
				CLANG_WARN_BOOL_CONVERSION = YES;
				CLANG_WARN_CONSTANT_CONVERSION = YES;
				CLANG_WARN_DIRECT_OBJC_ISA_USAGE = YES_ERROR;
				CLANG_WARN_EMPTY_BODY = YES;
				CLANG_WARN_ENUM_CONVERSION = YES;
				CLANG_WARN_INT_CONVERSION = YES;
				CLANG_WARN_OBJC_ROOT_CLASS = YES_ERROR;
				CLANG_WARN_UNREACHABLE_CODE = YES;
				CLANG_WARN__DUPLICATE_METHOD_MATCH = YES;
				"CODE_SIGN_IDENTITY[sdk=iphoneos*]" = "iPhone Developer";
				COPY_PHASE_STRIP = NO;
				DEBUG_INFORMATION_FORMAT = "dwarf-with-dsym";
				ENABLE_NS_ASSERTIONS = NO;
				ENABLE_STRICT_OBJC_MSGSEND = YES;
				GCC_C_LANGUAGE_STANDARD = gnu99;
				GCC_NO_COMMON_BLOCKS = YES;
				GCC_WARN_64_TO_32_BIT_CONVERSION = YES;
				GCC_WARN_ABOUT_RETURN_TYPE = YES_ERROR;
				GCC_WARN_UNDECLARED_SELECTOR = YES;
				GCC_WARN_UNINITIALIZED_AUTOS = YES_AGGRESSIVE;
				GCC_WARN_UNUSED_FUNCTION = YES;
				GCC_WARN_UNUSED_VARIABLE = YES;
				IPHONEOS_DEPLOYMENT_TARGET = 9.2;
				MTL_ENABLE_DEBUG_INFO = NO;
				SDKROOT = iphoneos;
				TARGETED_DEVICE_FAMILY = "1,2";
				VALIDATE_PRODUCT = YES;
			};
			name = Release;
		};
		252EA35C1C5904710016D5EC /* Debug */ = {
			isa = XCBuildConfiguration;
			buildSettings = {
				ASSETCATALOG_COMPILER_APPICON_NAME = AppIcon;
				CODE_SIGN_IDENTITY = "iPhone Developer";
				"CODE_SIGN_IDENTITY[sdk=iphoneos*]" = "iPhone Developer";
				INFOPLIST_FILE = savePersonne/Info.plist;
				LD_RUNPATH_SEARCH_PATHS = "$(inherited) @executable_path/Frameworks";
				PRODUCT_BUNDLE_IDENTIFIER = xavier.savePersonne;
				PRODUCT_NAME = "$(TARGET_NAME)";
				PROVISIONING_PROFILE = "";
			};
			name = Debug;
		};
		252EA35D1C5904710016D5EC /* Release */ = {
			isa = XCBuildConfiguration;
			buildSettings = {
				ASSETCATALOG_COMPILER_APPICON_NAME = AppIcon;
				CODE_SIGN_IDENTITY = "iPhone Developer";
				"CODE_SIGN_IDENTITY[sdk=iphoneos*]" = "iPhone Developer";
				INFOPLIST_FILE = savePersonne/Info.plist;
				LD_RUNPATH_SEARCH_PATHS = "$(inherited) @executable_path/Frameworks";
				PRODUCT_BUNDLE_IDENTIFIER = xavier.savePersonne;
				PRODUCT_NAME = "$(TARGET_NAME)";
				PROVISIONING_PROFILE = "";
			};
			name = Release;
		};
/* End XCBuildConfiguration section */

/* Begin XCConfigurationList section */
		252EA33F1C5904700016D5EC /* Build configuration list for PBXProject "savePersonne" */ = {
			isa = XCConfigurationList;
			buildConfigurations = (
				252EA3591C5904710016D5EC /* Debug */,
				252EA35A1C5904710016D5EC /* Release */,
			);
			defaultConfigurationIsVisible = 0;
			defaultConfigurationName = Release;
		};
		252EA35B1C5904710016D5EC /* Build configuration list for PBXNativeTarget "savePersonne" */ = {
			isa = XCConfigurationList;
			buildConfigurations = (
				252EA35C1C5904710016D5EC /* Debug */,
				252EA35D1C5904710016D5EC /* Release */,
			);
			defaultConfigurationIsVisible = 0;
			defaultConfigurationName = Release;
		};
/* End XCConfigurationList section */

/* Begin XCVersionGroup section */
		252FA6D81C6E15E1003E3020 /* Model.xcdatamodeld */ = {
			isa = XCVersionGroup;
			children = (
				252FA6D91C6E15E1003E3020 /* Model.xcdatamodel */,
			);
			currentVersion = 252FA6D91C6E15E1003E3020 /* Model.xcdatamodel */;
			path = Model.xcdatamodeld;
			sourceTree = "<group>";
			versionGroupType = wrapper.xcdatamodel;
		};
/* End XCVersionGroup section */
	};
	rootObject = 252EA33C1C5904700016D5EC /* Project object */;
}
